{
  "version": 4,
  "terraform_version": "0.12.24",
  "serial": 43,
  "lineage": "cfb6145b-e564-a133-53bf-0bd317e6f054",
  "outputs": {},
  "resources": [
    {
      "mode": "managed",
      "type": "aws_apigatewayv2_api",
      "name": "diagrams",
      "provider": "provider.aws",
      "instances": [
        {
          "schema_version": 0,
          "attributes": {
            "api_endpoint": "wss://mwcx8gr5t8.execute-api.eu-west-2.amazonaws.com",
            "api_key_selection_expression": "$request.header.x-api-key",
            "arn": "arn:aws:apigateway:eu-west-2::/apis/mwcx8gr5t8",
            "description": "",
            "execution_arn": "arn:aws:execute-api:eu-west-2:994541973446:mwcx8gr5t8",
            "id": "mwcx8gr5t8",
            "name": "diagrams-websocket-api",
            "protocol_type": "WEBSOCKET",
            "route_selection_expression": "$request.body.action",
            "tags": null,
            "version": ""
          },
          "private": "bnVsbA=="
        }
      ]
    },
    {
      "mode": "managed",
      "type": "aws_iam_policy",
      "name": "lambda_logging",
      "provider": "provider.aws",
      "instances": [
        {
          "schema_version": 0,
          "attributes": {
            "arn": "arn:aws:iam::994541973446:policy/lambda_logging",
            "description": "IAM policy for logging from a lambda",
            "id": "arn:aws:iam::994541973446:policy/lambda_logging",
            "name": "lambda_logging",
            "name_prefix": null,
            "path": "/",
            "policy": "{\n  \"Version\": \"2012-10-17\",\n  \"Statement\": [\n    {\n      \"Action\": [\n        \"logs:CreateLogGroup\",\n        \"logs:CreateLogStream\",\n        \"logs:PutLogEvents\"\n      ],\n      \"Resource\": \"arn:aws:logs:*:*:*\",\n      \"Effect\": \"Allow\"\n    }\n  ]\n}\n"
          },
          "private": "bnVsbA=="
        }
      ]
    },
    {
      "mode": "managed",
      "type": "aws_iam_role",
      "name": "iam_for_lambda",
      "provider": "provider.aws",
      "instances": [
        {
          "schema_version": 0,
          "attributes": {
            "arn": "arn:aws:iam::994541973446:role/iam_for_lambda",
            "assume_role_policy": "{\"Version\":\"2012-10-17\",\"Statement\":[{\"Sid\":\"\",\"Effect\":\"Allow\",\"Principal\":{\"Service\":\"lambda.amazonaws.com\"},\"Action\":\"sts:AssumeRole\"}]}",
            "create_date": "2020-04-11T14:10:22Z",
            "description": "",
            "force_detach_policies": false,
            "id": "iam_for_lambda",
            "max_session_duration": 3600,
            "name": "iam_for_lambda",
            "name_prefix": null,
            "path": "/",
            "permissions_boundary": null,
            "tags": null,
            "unique_id": "AROA6PD2SF7DG6LOZV477"
          },
          "private": "bnVsbA=="
        }
      ]
    },
    {
      "mode": "managed",
      "type": "aws_iam_role_policy_attachment",
      "name": "lambda_logs",
      "provider": "provider.aws",
      "instances": [
        {
          "schema_version": 0,
          "attributes": {
            "id": "iam_for_lambda-20200411141023736600000001",
            "policy_arn": "arn:aws:iam::994541973446:policy/lambda_logging",
            "role": "iam_for_lambda"
          },
          "private": "bnVsbA==",
          "dependencies": [
            "aws_iam_policy.lambda_logging",
            "aws_iam_role.iam_for_lambda"
          ]
        }
      ]
    },
    {
      "mode": "managed",
      "type": "aws_lambda_function",
      "name": "diagrams_test_lambda",
      "provider": "provider.aws",
      "instances": [
        {
          "schema_version": 0,
          "attributes": {
            "arn": "arn:aws:lambda:eu-west-2:994541973446:function:diagrams_test_lambda",
            "dead_letter_config": [],
            "description": "",
            "environment": [],
            "filename": null,
            "function_name": "diagrams_test_lambda",
            "handler": "index.handler",
            "id": "diagrams_test_lambda",
            "invoke_arn": "arn:aws:apigateway:eu-west-2:lambda:path/2015-03-31/functions/arn:aws:lambda:eu-west-2:994541973446:function:diagrams_test_lambda/invocations",
            "kms_key_arn": "",
            "last_modified": "2020-04-11T14:10:32.613+0000",
            "layers": null,
            "memory_size": 128,
            "publish": false,
            "qualified_arn": "arn:aws:lambda:eu-west-2:994541973446:function:diagrams_test_lambda:$LATEST",
            "reserved_concurrent_executions": -1,
            "role": "arn:aws:iam::994541973446:role/iam_for_lambda",
            "runtime": "nodejs12.x",
            "s3_bucket": "godragons-diagrams-lambda",
            "s3_key": "first_lambda.zip",
            "s3_object_version": null,
            "source_code_hash": "ZpyMonzIijgG9dInxd6uts6dYdxTPZPnjFT4Zr1kTeg=",
            "source_code_size": 239,
            "tags": null,
            "timeout": 3,
            "timeouts": null,
            "tracing_config": [
              {
                "mode": "PassThrough"
              }
            ],
            "version": "$LATEST",
            "vpc_config": []
          },
          "private": "eyJlMmJmYjczMC1lY2FhLTExZTYtOGY4OC0zNDM2M2JjN2M0YzAiOnsiY3JlYXRlIjo2MDAwMDAwMDAwMDB9fQ==",
          "dependencies": [
            "aws_iam_policy.lambda_logging",
            "aws_iam_role.iam_for_lambda",
            "aws_iam_role_policy_attachment.lambda_logs"
          ]
        }
      ]
    }
  ]
}
